
Microsoft Visual Studio Solution File, Format Version 12.00
# Visual Studio Version 17
VisualStudioVersion = 17.9.34728.123
MinimumVisualStudioVersion = 10.0.40219.1
Project("{FAE04EC0-301F-11D3-BF4B-00C04F79EFBC}") = "InstallShieldWizard", "InstallShieldWizard.csproj", "{7BC089D9-2145-4A5A-8235-2B6A0DBE7013}"
EndProject
Global
	GlobalSection(SolutionConfigurationPlatforms) = preSolution
		Debug|Any CPU = Debug|Any CPU
		Release|Any CPU = Release|Any CPU
	EndGlobalSection
	GlobalSection(ProjectConfigurationPlatforms) = postSolution
		{7BC089D9-2145-4A5A-8235-2B6A0DBE7013}.Debug|Any CPU.ActiveCfg = Debug|Any CPU
		{7BC089D9-2145-4A5A-8235-2B6A0DBE7013}.Debug|Any CPU.Build.0 = Debug|Any CPU
		{7BC089D9-2145-4A5A-8235-2B6A0DBE7013}.Release|Any CPU.ActiveCfg = Release|Any CPU
		{7BC089D9-2145-4A5A-8235-2B6A0DBE7013}.Release|Any CPU.Build.0 = Release|Any CPU
	EndGlobalSection
	GlobalSection(SolutionProperties) = preSolution
		HideSolutionNode = FALSE
	EndGlobalSection
	GlobalSection(ExtensibilityGlobals) = postSolution
		SolutionGuid = {EA87B571-C11F-4B51-BAC2-F4D2F2A506A5}
	EndGlobalSection
EndGlobal
